
Microsoft Visual Studio Solution File, Format Version 12.00
# Visual Studio Version 16
VisualStudioVersion = 16.0.30804.86
MinimumVisualStudioVersion = 10.0.40219.1
Project("{FAE04EC0-301F-11D3-BF4B-00C04F79EFBC}") = "ClassMethodDemo", "ClassMethodDemo\ClassMethodDemo.csproj", "{E13A328D-96E7-4D56-B186-CD72BD1D21CD}"
EndProject
Global
	GlobalSection(SolutionConfigurationPlatforms) = preSolution
		Debug|Any CPU = Debug|Any CPU
		Release|Any CPU = Release|Any CPU
	EndGlobalSection
	GlobalSection(ProjectConfigurationPlatforms) = postSolution
		{E13A328D-96E7-4D56-B186-CD72BD1D21CD}.Debug|Any CPU.ActiveCfg = Debug|Any CPU
		{E13A328D-96E7-4D56-B186-CD72BD1D21CD}.Debug|Any CPU.Build.0 = Debug|Any CPU
		{E13A328D-96E7-4D56-B186-CD72BD1D21CD}.Release|Any CPU.ActiveCfg = Release|Any CPU
		{E13A328D-96E7-4D56-B186-CD72BD1D21CD}.Release|Any CPU.Build.0 = Release|Any CPU
	EndGlobalSection
	GlobalSection(SolutionProperties) = preSolution
		HideSolutionNode = FALSE
	EndGlobalSection
	GlobalSection(ExtensibilityGlobals) = postSolution
		SolutionGuid = {816EFA5E-8E0B-4338-BBEB-7E5C88DF1DC2}
	EndGlobalSection
EndGlobal
